
Microsoft Visual Studio Solution File, Format Version 12.00
# Visual Studio Version 17
VisualStudioVersion = 17.2.32616.157
MinimumVisualStudioVersion = 10.0.40219.1
Project("{FAE04EC0-301F-11D3-BF4B-00C04F79EFBC}") = "Aloft_QoLEditor", "Aloft_QoLEditor\Aloft_QoLEditor.csproj", "{96BD1720-A3CF-43B4-8502-99BA9E4CC93C}"
EndProject
Project("{2150E333-8FDC-42A3-9474-1A3956D46DE8}") = "Projektmappenelemente", "Projektmappenelemente", "{EDCE0F59-1226-4871-8AC3-9D352E751341}"
	ProjectSection(SolutionItems) = preProject
		Readme.md = Readme.md
	EndProjectSection
EndProject
Global
	GlobalSection(SolutionConfigurationPlatforms) = preSolution
		Debug|Any CPU = Debug|Any CPU
		Release|Any CPU = Release|Any CPU
	EndGlobalSection
	GlobalSection(ProjectConfigurationPlatforms) = postSolution
		{96BD1720-A3CF-43B4-8502-99BA9E4CC93C}.Debug|Any CPU.ActiveCfg = Debug|Any CPU
		{96BD1720-A3CF-43B4-8502-99BA9E4CC93C}.Debug|Any CPU.Build.0 = Debug|Any CPU
		{96BD1720-A3CF-43B4-8502-99BA9E4CC93C}.Release|Any CPU.ActiveCfg = Release|Any CPU
		{96BD1720-A3CF-43B4-8502-99BA9E4CC93C}.Release|Any CPU.Build.0 = Release|Any CPU
	EndGlobalSection
	GlobalSection(SolutionProperties) = preSolution
		HideSolutionNode = FALSE
	EndGlobalSection
	GlobalSection(ExtensibilityGlobals) = postSolution
		SolutionGuid = {B4635E53-D0D4-4668-8C29-05774017F1A5}
	EndGlobalSection
EndGlobal
